// !$*UTF8*$!
{
	archiveVersion = 1;
	classes = {
	};
	objectVersion = 56;
	objects = {

/* Begin PBXBuildFile section */
		8970D73A2ABB495300F0D087 /* SnelheidsmeterApp.swift in Sources */ = {isa = PBXBuildFile; fileRef = 8970D7392ABB495300F0D087 /* SnelheidsmeterApp.swift */; };
		8970D73C2ABB495300F0D087 /* ContentView.swift in Sources */ = {isa = PBXBuildFile; fileRef = 8970D73B2ABB495300F0D087 /* ContentView.swift */; };
		8970D73E2ABB495600F0D087 /* Assets.xcassets in Resources */ = {isa = PBXBuildFile; fileRef = 8970D73D2ABB495600F0D087 /* Assets.xcassets */; };
		8970D7412ABB495600F0D087 /* Preview Assets.xcassets in Resources */ = {isa = PBXBuildFile; fileRef = 8970D7402ABB495600F0D087 /* Preview Assets.xcassets */; };
		8970D7492ABB4BBB00F0D087 /* AsyncLocationKit in Frameworks */ = {isa = PBXBuildFile; productRef = 8970D7482ABB4BBB00F0D087 /* AsyncLocationKit */; };
		8970D74B2ABB4BDF00F0D087 /* SpeedView.swift in Sources */ = {isa = PBXBuildFile; fileRef = 8970D74A2ABB4BDF00F0D087 /* SpeedView.swift */; };
		8970D74D2ABB4C8300F0D087 /* SpeedViewModel.swift in Sources */ = {isa = PBXBuildFile; fileRef = 8970D74C2ABB4C8300F0D087 /* SpeedViewModel.swift */; };
		8970D74F2ABB7B1200F0D087 /* AccelerationSensorView.swift in Sources */ = {isa = PBXBuildFile; fileRef = 8970D74E2ABB7B1200F0D087 /* AccelerationSensorView.swift */; };
		8970D7512ABB812700F0D087 /* AccelerationView.swift in Sources */ = {isa = PBXBuildFile; fileRef = 8970D7502ABB812700F0D087 /* AccelerationView.swift */; };
/* End PBXBuildFile section */

/* Begin PBXFileReference section */
		8970D7362ABB495300F0D087 /* Snelheidsmeter.app */ = {isa = PBXFileReference; explicitFileType = wrapper.application; includeInIndex = 0; path = Snelheidsmeter.app; sourceTree = BUILT_PRODUCTS_DIR; };
		8970D7392ABB495300F0D087 /* SnelheidsmeterApp.swift */ = {isa = PBXFileReference; lastKnownFileType = sourcecode.swift; path = SnelheidsmeterApp.swift; sourceTree = "<group>"; };
		8970D73B2ABB495300F0D087 /* ContentView.swift */ = {isa = PBXFileReference; lastKnownFileType = sourcecode.swift; path = ContentView.swift; sourceTree = "<group>"; };
		8970D73D2ABB495600F0D087 /* Assets.xcassets */ = {isa = PBXFileReference; lastKnownFileType = folder.assetcatalog; path = Assets.xcassets; sourceTree = "<group>"; };
		8970D7402ABB495600F0D087 /* Preview Assets.xcassets */ = {isa = PBXFileReference; lastKnownFileType = folder.assetcatalog; path = "Preview Assets.xcassets"; sourceTree = "<group>"; };
		8970D74A2ABB4BDF00F0D087 /* SpeedView.swift */ = {isa = PBXFileReference; lastKnownFileType = sourcecode.swift; path = SpeedView.swift; sourceTree = "<group>"; };
		8970D74C2ABB4C8300F0D087 /* SpeedViewModel.swift */ = {isa = PBXFileReference; lastKnownFileType = sourcecode.swift; path = SpeedViewModel.swift; sourceTree = "<group>"; };
		8970D74E2ABB7B1200F0D087 /* AccelerationSensorView.swift */ = {isa = PBXFileReference; lastKnownFileType = sourcecode.swift; path = AccelerationSensorView.swift; sourceTree = "<group>"; };
		8970D7502ABB812700F0D087 /* AccelerationView.swift */ = {isa = PBXFileReference; lastKnownFileType = sourcecode.swift; path = AccelerationView.swift; sourceTree = "<group>"; };
/* End PBXFileReference section */

/* Begin PBXFrameworksBuildPhase section */
		8970D7332ABB495300F0D087 /* Frameworks */ = {
			isa = PBXFrameworksBuildPhase;
			buildActionMask = 2147483647;
			files = (
				8970D7492ABB4BBB00F0D087 /* AsyncLocationKit in Frameworks */,
			);
			runOnlyForDeploymentPostprocessing = 0;
		};
/* End PBXFrameworksBuildPhase section */

/* Begin PBXGroup section */
		8970D72D2ABB495300F0D087 = {
			isa = PBXGroup;
			children = (
				8970D7382ABB495300F0D087 /* Snelheidsmeter */,
				8970D7372ABB495300F0D087 /* Products */,
			);
			sourceTree = "<group>";
		};
		8970D7372ABB495300F0D087 /* Products */ = {
			isa = PBXGroup;
			children = (
				8970D7362ABB495300F0D087 /* Snelheidsmeter.app */,
			);
			name = Products;
			sourceTree = "<group>";
		};
		8970D7382ABB495300F0D087 /* Snelheidsmeter */ = {
			isa = PBXGroup;
			children = (
				8970D7532ABB817B00F0D087 /* Extensions */,
				8970D7522ABB816F00F0D087 /* Views */,
				8970D7392ABB495300F0D087 /* SnelheidsmeterApp.swift */,
				8970D73B2ABB495300F0D087 /* ContentView.swift */,
				8970D74C2ABB4C8300F0D087 /* SpeedViewModel.swift */,
				8970D74A2ABB4BDF00F0D087 /* SpeedView.swift */,
				8970D7502ABB812700F0D087 /* AccelerationView.swift */,
				8970D74E2ABB7B1200F0D087 /* AccelerationSensorView.swift */,
				8970D73D2ABB495600F0D087 /* Assets.xcassets */,
				8970D73F2ABB495600F0D087 /* Preview Content */,
			);
			path = Snelheidsmeter;
			sourceTree = "<group>";
		};
		8970D73F2ABB495600F0D087 /* Preview Content */ = {
			isa = PBXGroup;
			children = (
				8970D7402ABB495600F0D087 /* Preview Assets.xcassets */,
			);
			path = "Preview Content";
			sourceTree = "<group>";
		};
		8970D7522ABB816F00F0D087 /* Views */ = {
			isa = PBXGroup;
			children = (
			);
			path = Views;
			sourceTree = "<group>";
		};
		8970D7532ABB817B00F0D087 /* Extensions */ = {
			isa = PBXGroup;
			children = (
			);
			path = Extensions;
			sourceTree = "<group>";
		};
/* End PBXGroup section */

/* Begin PBXNativeTarget section */
		8970D7352ABB495300F0D087 /* Snelheidsmeter */ = {
			isa = PBXNativeTarget;
			buildConfigurationList = 8970D7442ABB495600F0D087 /* Build configuration list for PBXNativeTarget "Snelheidsmeter" */;
			buildPhases = (
				8970D7322ABB495300F0D087 /* Sources */,
				8970D7332ABB495300F0D087 /* Frameworks */,
				8970D7342ABB495300F0D087 /* Resources */,
			);
			buildRules = (
			);
			dependencies = (
			);
			name = Snelheidsmeter;
			packageProductDependencies = (
				8970D7482ABB4BBB00F0D087 /* AsyncLocationKit */,
			);
			productName = Snelheidsmeter;
			productReference = 8970D7362ABB495300F0D087 /* Snelheidsmeter.app */;
			productType = "com.apple.product-type.application";
		};
/* End PBXNativeTarget section */

/* Begin PBXProject section */
		8970D72E2ABB495300F0D087 /* Project object */ = {
			isa = PBXProject;
			attributes = {
				BuildIndependentTargetsInParallel = 1;
				LastSwiftUpdateCheck = 1500;
				LastUpgradeCheck = 1500;
				TargetAttributes = {
					8970D7352ABB495300F0D087 = {
						CreatedOnToolsVersion = 15.0;
					};
				};
			};
			buildConfigurationList = 8970D7312ABB495300F0D087 /* Build configuration list for PBXProject "Snelheidsmeter" */;
			compatibilityVersion = "Xcode 14.0";
			developmentRegion = nl;
			hasScannedForEncodings = 0;
			knownRegions = (
				en,
				Base,
				nl,
			);
			mainGroup = 8970D72D2ABB495300F0D087;
			packageReferences = (
				8970D7472ABB4BBB00F0D087 /* XCRemoteSwiftPackageReference "AsyncLocationKit" */,
			);
			productRefGroup = 8970D7372ABB495300F0D087 /* Products */;
			projectDirPath = "";
			projectRoot = "";
			targets = (
				8970D7352ABB495300F0D087 /* Snelheidsmeter */,
			);
		};
/* End PBXProject section */

/* Begin PBXResourcesBuildPhase section */
		8970D7342ABB495300F0D087 /* Resources */ = {
			isa = PBXResourcesBuildPhase;
			buildActionMask = 2147483647;
			files = (
				8970D7412ABB495600F0D087 /* Preview Assets.xcassets in Resources */,
				8970D73E2ABB495600F0D087 /* Assets.xcassets in Resources */,
			);
			runOnlyForDeploymentPostprocessing = 0;
		};
/* End PBXResourcesBuildPhase section */

/* Begin PBXSourcesBuildPhase section */
		8970D7322ABB495300F0D087 /* Sources */ = {
			isa = PBXSourcesBuildPhase;
			buildActionMask = 2147483647;
			files = (
				8970D74F2ABB7B1200F0D087 /* AccelerationSensorView.swift in Sources */,
				8970D74D2ABB4C8300F0D087 /* SpeedViewModel.swift in Sources */,
				8970D73C2ABB495300F0D087 /* ContentView.swift in Sources */,
				8970D73A2ABB495300F0D087 /* SnelheidsmeterApp.swift in Sources */,
				8970D7512ABB812700F0D087 /* AccelerationView.swift in Sources */,
				8970D74B2ABB4BDF00F0D087 /* SpeedView.swift in Sources */,
			);
			runOnlyForDeploymentPostprocessing = 0;
		};
/* End PBXSourcesBuildPhase section */

/* Begin XCBuildConfiguration section */
		8970D7422ABB495600F0D087 /* Debug */ = {
			isa = XCBuildConfiguration;
			buildSettings = {
				ALWAYS_SEARCH_USER_PATHS = NO;
				ASSETCATALOG_COMPILER_GENERATE_SWIFT_ASSET_SYMBOL_EXTENSIONS = YES;
				CLANG_ANALYZER_NONNULL = YES;
				CLANG_ANALYZER_NUMBER_OBJECT_CONVERSION = YES_AGGRESSIVE;
				CLANG_CXX_LANGUAGE_STANDARD = "gnu++20";
				CLANG_ENABLE_MODULES = YES;
				CLANG_ENABLE_OBJC_ARC = YES;
				CLANG_ENABLE_OBJC_WEAK = YES;
				CLANG_WARN_BLOCK_CAPTURE_AUTORELEASING = YES;
				CLANG_WARN_BOOL_CONVERSION = YES;
				CLANG_WARN_COMMA = YES;
				CLANG_WARN_CONSTANT_CONVERSION = YES;
				CLANG_WARN_DEPRECATED_OBJC_IMPLEMENTATIONS = YES;
				CLANG_WARN_DIRECT_OBJC_ISA_USAGE = YES_ERROR;
				CLANG_WARN_DOCUMENTATION_COMMENTS = YES;
				CLANG_WARN_EMPTY_BODY = YES;
				CLANG_WARN_ENUM_CONVERSION = YES;
				CLANG_WARN_INFINITE_RECURSION = YES;
				CLANG_WARN_INT_CONVERSION = YES;
				CLANG_WARN_NON_LITERAL_NULL_CONVERSION = YES;
				CLANG_WARN_OBJC_IMPLICIT_RETAIN_SELF = YES;
				CLANG_WARN_OBJC_LITERAL_CONVERSION = YES;
				CLANG_WARN_OBJC_ROOT_CLASS = YES_ERROR;
				CLANG_WARN_QUOTED_INCLUDE_IN_FRAMEWORK_HEADER = YES;
				CLANG_WARN_RANGE_LOOP_ANALYSIS = YES;
				CLANG_WARN_STRICT_PROTOTYPES = YES;
				CLANG_WARN_SUSPICIOUS_MOVE = YES;
				CLANG_WARN_UNGUARDED_AVAILABILITY = YES_AGGRESSIVE;
				CLANG_WARN_UNREACHABLE_CODE = YES;
				CLANG_WARN__DUPLICATE_METHOD_MATCH = YES;
				COPY_PHASE_STRIP = NO;
				DEBUG_INFORMATION_FORMAT = dwarf;
				ENABLE_STRICT_OBJC_MSGSEND = YES;
				ENABLE_TESTABILITY = YES;
				ENABLE_USER_SCRIPT_SANDBOXING = YES;
				GCC_C_LANGUAGE_STANDARD = gnu17;
				GCC_DYNAMIC_NO_PIC = NO;
				GCC_NO_COMMON_BLOCKS = YES;
				GCC_OPTIMIZATION_LEVEL = 0;
				GCC_PREPROCESSOR_DEFINITIONS = (
					"DEBUG=1",
					"$(inherited)",
				);
				GCC_WARN_64_TO_32_BIT_CONVERSION = YES;
				GCC_WARN_ABOUT_RETURN_TYPE = YES_ERROR;
				GCC_WARN_UNDECLARED_SELECTOR = YES;
				GCC_WARN_UNINITIALIZED_AUTOS = YES_AGGRESSIVE;
				GCC_WARN_UNUSED_FUNCTION = YES;
				GCC_WARN_UNUSED_VARIABLE = YES;
				IPHONEOS_DEPLOYMENT_TARGET = 17.0;
				LOCALIZATION_PREFERS_STRING_CATALOGS = YES;
				MTL_ENABLE_DEBUG_INFO = INCLUDE_SOURCE;
				MTL_FAST_MATH = YES;
				ONLY_ACTIVE_ARCH = YES;
				SDKROOT = iphoneos;
				SWIFT_ACTIVE_COMPILATION_CONDITIONS = "DEBUG $(inherited)";
				SWIFT_OPTIMIZATION_LEVEL = "-Onone";
			};
			name = Debug;
		};
		8970D7432ABB495600F0D087 /* Release */ = {
			isa = XCBuildConfiguration;
			buildSettings = {
				ALWAYS_SEARCH_USER_PATHS = NO;
				ASSETCATALOG_COMPILER_GENERATE_SWIFT_ASSET_SYMBOL_EXTENSIONS = YES;
				CLANG_ANALYZER_NONNULL = YES;
				CLANG_ANALYZER_NUMBER_OBJECT_CONVERSION = YES_AGGRESSIVE;
				CLANG_CXX_LANGUAGE_STANDARD = "gnu++20";
				CLANG_ENABLE_MODULES = YES;
				CLANG_ENABLE_OBJC_ARC = YES;
				CLANG_ENABLE_OBJC_WEAK = YES;
				CLANG_WARN_BLOCK_CAPTURE_AUTORELEASING = YES;
				CLANG_WARN_BOOL_CONVERSION = YES;
				CLANG_WARN_COMMA = YES;
				CLANG_WARN_CONSTANT_CONVERSION = YES;
				CLANG_WARN_DEPRECATED_OBJC_IMPLEMENTATIONS = YES;
				CLANG_WARN_DIRECT_OBJC_ISA_USAGE = YES_ERROR;
				CLANG_WARN_DOCUMENTATION_COMMENTS = YES;
				CLANG_WARN_EMPTY_BODY = YES;
				CLANG_WARN_ENUM_CONVERSION = YES;
				CLANG_WARN_INFINITE_RECURSION = YES;
				CLANG_WARN_INT_CONVERSION = YES;
				CLANG_WARN_NON_LITERAL_NULL_CONVERSION = YES;
				CLANG_WARN_OBJC_IMPLICIT_RETAIN_SELF = YES;
				CLANG_WARN_OBJC_LITERAL_CONVERSION = YES;
				CLANG_WARN_OBJC_ROOT_CLASS = YES_ERROR;
				CLANG_WARN_QUOTED_INCLUDE_IN_FRAMEWORK_HEADER = YES;
				CLANG_WARN_RANGE_LOOP_ANALYSIS = YES;
				CLANG_WARN_STRICT_PROTOTYPES = YES;
				CLANG_WARN_SUSPICIOUS_MOVE = YES;
				CLANG_WARN_UNGUARDED_AVAILABILITY = YES_AGGRESSIVE;
				CLANG_WARN_UNREACHABLE_CODE = YES;
				CLANG_WARN__DUPLICATE_METHOD_MATCH = YES;
				COPY_PHASE_STRIP = NO;
				DEBUG_INFORMATION_FORMAT = "dwarf-with-dsym";
				ENABLE_NS_ASSERTIONS = NO;
				ENABLE_STRICT_OBJC_MSGSEND = YES;
				ENABLE_USER_SCRIPT_SANDBOXING = YES;
				GCC_C_LANGUAGE_STANDARD = gnu17;
				GCC_NO_COMMON_BLOCKS = YES;
				GCC_WARN_64_TO_32_BIT_CONVERSION = YES;
				GCC_WARN_ABOUT_RETURN_TYPE = YES_ERROR;
				GCC_WARN_UNDECLARED_SELECTOR = YES;
				GCC_WARN_UNINITIALIZED_AUTOS = YES_AGGRESSIVE;
				GCC_WARN_UNUSED_FUNCTION = YES;
				GCC_WARN_UNUSED_VARIABLE = YES;
				IPHONEOS_DEPLOYMENT_TARGET = 17.0;
				LOCALIZATION_PREFERS_STRING_CATALOGS = YES;
				MTL_ENABLE_DEBUG_INFO = NO;
				MTL_FAST_MATH = YES;
				SDKROOT = iphoneos;
				SWIFT_COMPILATION_MODE = wholemodule;
				VALIDATE_PRODUCT = YES;
			};
			name = Release;
		};
		8970D7452ABB495600F0D087 /* Debug */ = {
			isa = XCBuildConfiguration;
			buildSettings = {
				ASSETCATALOG_COMPILER_APPICON_NAME = AppIcon;
				ASSETCATALOG_COMPILER_GLOBAL_ACCENT_COLOR_NAME = AccentColor;
				CODE_SIGN_STYLE = Automatic;
				CURRENT_PROJECT_VERSION = 1;
				DEVELOPMENT_ASSET_PATHS = "\"Snelheidsmeter/Preview Content\"";
				DEVELOPMENT_TEAM = C4HKS39B24;
				ENABLE_PREVIEWS = YES;
				GENERATE_INFOPLIST_FILE = YES;
				INFOPLIST_KEY_NSLocationWhenInUseUsageDescription = "Snelheidsmeter heeft toegang nodig tot je locatie om jouw snelheid te kunnen gebruiken";
				INFOPLIST_KEY_UIApplicationSceneManifest_Generation = YES;
				INFOPLIST_KEY_UIApplicationSupportsIndirectInputEvents = YES;
				INFOPLIST_KEY_UILaunchScreen_Generation = YES;
				INFOPLIST_KEY_UISupportedInterfaceOrientations = UIInterfaceOrientationPortrait;
				INFOPLIST_KEY_UISupportedInterfaceOrientations_iPad = "UIInterfaceOrientationLandscapeLeft UIInterfaceOrientationLandscapeRight UIInterfaceOrientationPortrait UIInterfaceOrientationPortraitUpsideDown";
				IPHONEOS_DEPLOYMENT_TARGET = 17.0;
				LD_RUNPATH_SEARCH_PATHS = (
					"$(inherited)",
					"@executable_path/Frameworks",
				);
				MARKETING_VERSION = 1.0;
				PRODUCT_BUNDLE_IDENTIFIER = nl.wissehes.Snelheidsmeter;
				PRODUCT_NAME = "$(TARGET_NAME)";
				SWIFT_EMIT_LOC_STRINGS = YES;
				SWIFT_VERSION = 5.0;
				TARGETED_DEVICE_FAMILY = "1,2";
			};
			name = Debug;
		};
		8970D7462ABB495600F0D087 /* Release */ = {
			isa = XCBuildConfiguration;
			buildSettings = {
				ASSETCATALOG_COMPILER_APPICON_NAME = AppIcon;
				ASSETCATALOG_COMPILER_GLOBAL_ACCENT_COLOR_NAME = AccentColor;
				CODE_SIGN_STYLE = Automatic;
				CURRENT_PROJECT_VERSION = 1;
				DEVELOPMENT_ASSET_PATHS = "\"Snelheidsmeter/Preview Content\"";
				DEVELOPMENT_TEAM = C4HKS39B24;
				ENABLE_PREVIEWS = YES;
				GENERATE_INFOPLIST_FILE = YES;
				INFOPLIST_KEY_NSLocationWhenInUseUsageDescription = "Snelheidsmeter heeft toegang nodig tot je locatie om jouw snelheid te kunnen gebruiken";
				INFOPLIST_KEY_UIApplicationSceneManifest_Generation = YES;
				INFOPLIST_KEY_UIApplicationSupportsIndirectInputEvents = YES;
				INFOPLIST_KEY_UILaunchScreen_Generation = YES;
				INFOPLIST_KEY_UISupportedInterfaceOrientations = UIInterfaceOrientationPortrait;
				INFOPLIST_KEY_UISupportedInterfaceOrientations_iPad = "UIInterfaceOrientationLandscapeLeft UIInterfaceOrientationLandscapeRight UIInterfaceOrientationPortrait UIInterfaceOrientationPortraitUpsideDown";
				IPHONEOS_DEPLOYMENT_TARGET = 17.0;
				LD_RUNPATH_SEARCH_PATHS = (
					"$(inherited)",
					"@executable_path/Frameworks",
				);
				MARKETING_VERSION = 1.0;
				PRODUCT_BUNDLE_IDENTIFIER = nl.wissehes.Snelheidsmeter;
				PRODUCT_NAME = "$(TARGET_NAME)";
				SWIFT_EMIT_LOC_STRINGS = YES;
				SWIFT_VERSION = 5.0;
				TARGETED_DEVICE_FAMILY = "1,2";
			};
			name = Release;
		};
/* End XCBuildConfiguration section */

/* Begin XCConfigurationList section */
		8970D7312ABB495300F0D087 /* Build configuration list for PBXProject "Snelheidsmeter" */ = {
			isa = XCConfigurationList;
			buildConfigurations = (
				8970D7422ABB495600F0D087 /* Debug */,
				8970D7432ABB495600F0D087 /* Release */,
			);
			defaultConfigurationIsVisible = 0;
			defaultConfigurationName = Release;
		};
		8970D7442ABB495600F0D087 /* Build configuration list for PBXNativeTarget "Snelheidsmeter" */ = {
			isa = XCConfigurationList;
			buildConfigurations = (
				8970D7452ABB495600F0D087 /* Debug */,
				8970D7462ABB495600F0D087 /* Release */,
			);
			defaultConfigurationIsVisible = 0;
			defaultConfigurationName = Release;
		};
/* End XCConfigurationList section */

/* Begin XCRemoteSwiftPackageReference section */
		8970D7472ABB4BBB00F0D087 /* XCRemoteSwiftPackageReference "AsyncLocationKit" */ = {
			isa = XCRemoteSwiftPackageReference;
			repositoryURL = "https://github.com/AsyncSwift/AsyncLocationKit.git";
			requirement = {
				kind = upToNextMajorVersion;
				minimumVersion = 1.6.4;
			};
		};
/* End XCRemoteSwiftPackageReference section */

/* Begin XCSwiftPackageProductDependency section */
		8970D7482ABB4BBB00F0D087 /* AsyncLocationKit */ = {
			isa = XCSwiftPackageProductDependency;
			package = 8970D7472ABB4BBB00F0D087 /* XCRemoteSwiftPackageReference "AsyncLocationKit" */;
			productName = AsyncLocationKit;
		};
/* End XCSwiftPackageProductDependency section */
	};
	rootObject = 8970D72E2ABB495300F0D087 /* Project object */;
}
